// !$*UTF8*$!
{
	archiveVersion = 1;
	classes = {
	};
	objectVersion = 46;
	objects = {

/* Begin PBXBuildFile section */
		94FF22121910D3150056CF7B /* Foundation.framework in Frameworks */ = {isa = PBXBuildFile; fileRef = 94FF22111910D3150056CF7B /* Foundation.framework */; };
		94FF22141910D3150056CF7B /* CoreGraphics.framework in Frameworks */ = {isa = PBXBuildFile; fileRef = 94FF22131910D3150056CF7B /* CoreGraphics.framework */; };
		94FF22161910D3150056CF7B /* UIKit.framework in Frameworks */ = {isa = PBXBuildFile; fileRef = 94FF22151910D3150056CF7B /* UIKit.framework */; };
		94FF221C1910D3150056CF7B /* InfoPlist.strings in Resources */ = {isa = PBXBuildFile; fileRef = 94FF221A1910D3150056CF7B /* InfoPlist.strings */; };
		94FF221E1910D3150056CF7B /* main.m in Sources */ = {isa = PBXBuildFile; fileRef = 94FF221D1910D3150056CF7B /* main.m */; };
		94FF22221910D3150056CF7B /* TileGameAppDelegate.m in Sources */ = {isa = PBXBuildFile; fileRef = 94FF22211910D3150056CF7B /* TileGameAppDelegate.m */; };
		94FF222A1910D3150056CF7B /* Images.xcassets in Resources */ = {isa = PBXBuildFile; fileRef = 94FF22291910D3150056CF7B /* Images.xcassets */; };
		94FF22311910D3150056CF7B /* XCTest.framework in Frameworks */ = {isa = PBXBuildFile; fileRef = 94FF22301910D3150056CF7B /* XCTest.framework */; };
		94FF22321910D3150056CF7B /* Foundation.framework in Frameworks */ = {isa = PBXBuildFile; fileRef = 94FF22111910D3150056CF7B /* Foundation.framework */; };
		94FF22331910D3150056CF7B /* UIKit.framework in Frameworks */ = {isa = PBXBuildFile; fileRef = 94FF22151910D3150056CF7B /* UIKit.framework */; };
		94FF223B1910D3150056CF7B /* InfoPlist.strings in Resources */ = {isa = PBXBuildFile; fileRef = 94FF22391910D3150056CF7B /* InfoPlist.strings */; };
		94FF223D1910D3150056CF7B /* TileGameTests.m in Sources */ = {isa = PBXBuildFile; fileRef = 94FF223C1910D3150056CF7B /* TileGameTests.m */; };
		94FF225D1910D4370056CF7B /* blank.jpg in Resources */ = {isa = PBXBuildFile; fileRef = 94FF224D1910D4370056CF7B /* blank.jpg */; };
		94FF225E1910D4370056CF7B /* eight.jpg in Resources */ = {isa = PBXBuildFile; fileRef = 94FF224E1910D4370056CF7B /* eight.jpg */; };
		94FF225F1910D4370056CF7B /* eleven.jpg in Resources */ = {isa = PBXBuildFile; fileRef = 94FF224F1910D4370056CF7B /* eleven.jpg */; };
		94FF22601910D4370056CF7B /* fifteen.jpg in Resources */ = {isa = PBXBuildFile; fileRef = 94FF22501910D4370056CF7B /* fifteen.jpg */; };
		94FF22611910D4370056CF7B /* five.jpg in Resources */ = {isa = PBXBuildFile; fileRef = 94FF22511910D4370056CF7B /* five.jpg */; };
		94FF22621910D4370056CF7B /* four.jpg in Resources */ = {isa = PBXBuildFile; fileRef = 94FF22521910D4370056CF7B /* four.jpg */; };
		94FF22631910D4370056CF7B /* fourteen.jpg in Resources */ = {isa = PBXBuildFile; fileRef = 94FF22531910D4370056CF7B /* fourteen.jpg */; };
		94FF22641910D4370056CF7B /* nine.jpg in Resources */ = {isa = PBXBuildFile; fileRef = 94FF22541910D4370056CF7B /* nine.jpg */; };
		94FF22651910D4370056CF7B /* one.jpg in Resources */ = {isa = PBXBuildFile; fileRef = 94FF22551910D4370056CF7B /* one.jpg */; };
		94FF22661910D4370056CF7B /* seven.jpg in Resources */ = {isa = PBXBuildFile; fileRef = 94FF22561910D4370056CF7B /* seven.jpg */; };
		94FF22671910D4370056CF7B /* six.jpg in Resources */ = {isa = PBXBuildFile; fileRef = 94FF22571910D4370056CF7B /* six.jpg */; };
		94FF22681910D4370056CF7B /* ten.jpg in Resources */ = {isa = PBXBuildFile; fileRef = 94FF22581910D4370056CF7B /* ten.jpg */; };
		94FF22691910D4370056CF7B /* thirteen.jpg in Resources */ = {isa = PBXBuildFile; fileRef = 94FF22591910D4370056CF7B /* thirteen.jpg */; };
		94FF226A1910D4370056CF7B /* three.jpg in Resources */ = {isa = PBXBuildFile; fileRef = 94FF225A1910D4370056CF7B /* three.jpg */; };
		94FF226B1910D4370056CF7B /* twelve.jpg in Resources */ = {isa = PBXBuildFile; fileRef = 94FF225B1910D4370056CF7B /* twelve.jpg */; };
		94FF226C1910D4370056CF7B /* two.jpg in Resources */ = {isa = PBXBuildFile; fileRef = 94FF225C1910D4370056CF7B /* two.jpg */; };
		94FF226F1910D46B0056CF7B /* TileGameViewController.m in Sources */ = {isa = PBXBuildFile; fileRef = 94FF226E1910D46B0056CF7B /* TileGameViewController.m */; };
		94FF22721910D4760056CF7B /* PieceView.m in Sources */ = {isa = PBXBuildFile; fileRef = 94FF22711910D4760056CF7B /* PieceView.m */; };
		94FF22761910D78A0056CF7B /* Main.storyboard in Resources */ = {isa = PBXBuildFile; fileRef = 94FF22751910D78A0056CF7B /* Main.storyboard */; };
/* End PBXBuildFile section */

/* Begin PBXContainerItemProxy section */
		94FF22341910D3150056CF7B /* PBXContainerItemProxy */ = {
			isa = PBXContainerItemProxy;
			containerPortal = 94FF22061910D3150056CF7B /* Project object */;
			proxyType = 1;
			remoteGlobalIDString = 94FF220D1910D3150056CF7B;
			remoteInfo = TileGame;
		};
/* End PBXContainerItemProxy section */

/* Begin PBXFileReference section */
		94FF220E1910D3150056CF7B /* TileGame.app */ = {isa = PBXFileReference; explicitFileType = wrapper.application; includeInIndex = 0; path = TileGame.app; sourceTree = BUILT_PRODUCTS_DIR; };
		94FF22111910D3150056CF7B /* Foundation.framework */ = {isa = PBXFileReference; lastKnownFileType = wrapper.framework; name = Foundation.framework; path = System/Library/Frameworks/Foundation.framework; sourceTree = SDKROOT; };
		94FF22131910D3150056CF7B /* CoreGraphics.framework */ = {isa = PBXFileReference; lastKnownFileType = wrapper.framework; name = CoreGraphics.framework; path = System/Library/Frameworks/CoreGraphics.framework; sourceTree = SDKROOT; };
		94FF22151910D3150056CF7B /* UIKit.framework */ = {isa = PBXFileReference; lastKnownFileType = wrapper.framework; name = UIKit.framework; path = System/Library/Frameworks/UIKit.framework; sourceTree = SDKROOT; };
		94FF22191910D3150056CF7B /* TileGame-Info.plist */ = {isa = PBXFileReference; lastKnownFileType = text.plist.xml; path = "TileGame-Info.plist"; sourceTree = "<group>"; };
		94FF221B1910D3150056CF7B /* en */ = {isa = PBXFileReference; lastKnownFileType = text.plist.strings; name = en; path = en.lproj/InfoPlist.strings; sourceTree = "<group>"; };
		94FF221D1910D3150056CF7B /* main.m */ = {isa = PBXFileReference; lastKnownFileType = sourcecode.c.objc; path = main.m; sourceTree = "<group>"; };
		94FF221F1910D3150056CF7B /* TileGame-Prefix.pch */ = {isa = PBXFileReference; lastKnownFileType = sourcecode.c.h; path = "TileGame-Prefix.pch"; sourceTree = "<group>"; };
		94FF22201910D3150056CF7B /* TileGameAppDelegate.h */ = {isa = PBXFileReference; lastKnownFileType = sourcecode.c.h; path = TileGameAppDelegate.h; sourceTree = "<group>"; };
		94FF22211910D3150056CF7B /* TileGameAppDelegate.m */ = {isa = PBXFileReference; lastKnownFileType = sourcecode.c.objc; path = TileGameAppDelegate.m; sourceTree = "<group>"; };
		94FF22291910D3150056CF7B /* Images.xcassets */ = {isa = PBXFileReference; lastKnownFileType = folder.assetcatalog; path = Images.xcassets; sourceTree = "<group>"; };
		94FF222F1910D3150056CF7B /* TileGameTests.xctest */ = {isa = PBXFileReference; explicitFileType = wrapper.cfbundle; includeInIndex = 0; path = TileGameTests.xctest; sourceTree = BUILT_PRODUCTS_DIR; };
		94FF22301910D3150056CF7B /* XCTest.framework */ = {isa = PBXFileReference; lastKnownFileType = wrapper.framework; name = XCTest.framework; path = Library/Frameworks/XCTest.framework; sourceTree = DEVELOPER_DIR; };
		94FF22381910D3150056CF7B /* TileGameTests-Info.plist */ = {isa = PBXFileReference; lastKnownFileType = text.plist.xml; path = "TileGameTests-Info.plist"; sourceTree = "<group>"; };
		94FF223A1910D3150056CF7B /* en */ = {isa = PBXFileReference; lastKnownFileType = text.plist.strings; name = en; path = en.lproj/InfoPlist.strings; sourceTree = "<group>"; };
		94FF223C1910D3150056CF7B /* TileGameTests.m */ = {isa = PBXFileReference; lastKnownFileType = sourcecode.c.objc; path = TileGameTests.m; sourceTree = "<group>"; };
		94FF224D1910D4370056CF7B /* blank.jpg */ = {isa = PBXFileReference; lastKnownFileType = image.jpeg; path = blank.jpg; sourceTree = "<group>"; };
		94FF224E1910D4370056CF7B /* eight.jpg */ = {isa = PBXFileReference; lastKnownFileType = image.jpeg; path = eight.jpg; sourceTree = "<group>"; };
		94FF224F1910D4370056CF7B /* eleven.jpg */ = {isa = PBXFileReference; lastKnownFileType = image.jpeg; path = eleven.jpg; sourceTree = "<group>"; };
		94FF22501910D4370056CF7B /* fifteen.jpg */ = {isa = PBXFileReference; lastKnownFileType = image.jpeg; path = fifteen.jpg; sourceTree = "<group>"; };
		94FF22511910D4370056CF7B /* five.jpg */ = {isa = PBXFileReference; lastKnownFileType = image.jpeg; path = five.jpg; sourceTree = "<group>"; };
		94FF22521910D4370056CF7B /* four.jpg */ = {isa = PBXFileReference; lastKnownFileType = image.jpeg; path = four.jpg; sourceTree = "<group>"; };
		94FF22531910D4370056CF7B /* fourteen.jpg */ = {isa = PBXFileReference; lastKnownFileType = image.jpeg; path = fourteen.jpg; sourceTree = "<group>"; };
		94FF22541910D4370056CF7B /* nine.jpg */ = {isa = PBXFileReference; lastKnownFileType = image.jpeg; path = nine.jpg; sourceTree = "<group>"; };
		94FF22551910D4370056CF7B /* one.jpg */ = {isa = PBXFileReference; lastKnownFileType = image.jpeg; path = one.jpg; sourceTree = "<group>"; };
		94FF22561910D4370056CF7B /* seven.jpg */ = {isa = PBXFileReference; lastKnownFileType = image.jpeg; path = seven.jpg; sourceTree = "<group>"; };
		94FF22571910D4370056CF7B /* six.jpg */ = {isa = PBXFileReference; lastKnownFileType = image.jpeg; path = six.jpg; sourceTree = "<group>"; };
		94FF22581910D4370056CF7B /* ten.jpg */ = {isa = PBXFileReference; lastKnownFileType = image.jpeg; path = ten.jpg; sourceTree = "<group>"; };
		94FF22591910D4370056CF7B /* thirteen.jpg */ = {isa = PBXFileReference; lastKnownFileType = image.jpeg; path = thirteen.jpg; sourceTree = "<group>"; };
		94FF225A1910D4370056CF7B /* three.jpg */ = {isa = PBXFileReference; lastKnownFileType = image.jpeg; path = three.jpg; sourceTree = "<group>"; };
		94FF225B1910D4370056CF7B /* twelve.jpg */ = {isa = PBXFileReference; lastKnownFileType = image.jpeg; path = twelve.jpg; sourceTree = "<group>"; };
		94FF225C1910D4370056CF7B /* two.jpg */ = {isa = PBXFileReference; lastKnownFileType = image.jpeg; path = two.jpg; sourceTree = "<group>"; };
		94FF226D1910D46B0056CF7B /* TileGameViewController.h */ = {isa = PBXFileReference; fileEncoding = 4; lastKnownFileType = sourcecode.c.h; path = TileGameViewController.h; sourceTree = "<group>"; };
		94FF226E1910D46B0056CF7B /* TileGameViewController.m */ = {isa = PBXFileReference; fileEncoding = 4; lastKnownFileType = sourcecode.c.objc; path = TileGameViewController.m; sourceTree = "<group>"; };
		94FF22701910D4760056CF7B /* PieceView.h */ = {isa = PBXFileReference; fileEncoding = 4; lastKnownFileType = sourcecode.c.h; path = PieceView.h; sourceTree = "<group>"; };
		94FF22711910D4760056CF7B /* PieceView.m */ = {isa = PBXFileReference; fileEncoding = 4; lastKnownFileType = sourcecode.c.objc; path = PieceView.m; sourceTree = "<group>"; };
		94FF22751910D78A0056CF7B /* Main.storyboard */ = {isa = PBXFileReference; fileEncoding = 4; lastKnownFileType = file.storyboard; path = Main.storyboard; sourceTree = "<group>"; };
/* End PBXFileReference section */

/* Begin PBXFrameworksBuildPhase section */
		94FF220B1910D3150056CF7B /* Frameworks */ = {
			isa = PBXFrameworksBuildPhase;
			buildActionMask = 2147483647;
			files = (
				94FF22141910D3150056CF7B /* CoreGraphics.framework in Frameworks */,
				94FF22161910D3150056CF7B /* UIKit.framework in Frameworks */,
				94FF22121910D3150056CF7B /* Foundation.framework in Frameworks */,
			);
			runOnlyForDeploymentPostprocessing = 0;
		};
		94FF222C1910D3150056CF7B /* Frameworks */ = {
			isa = PBXFrameworksBuildPhase;
			buildActionMask = 2147483647;
			files = (
				94FF22311910D3150056CF7B /* XCTest.framework in Frameworks */,
				94FF22331910D3150056CF7B /* UIKit.framework in Frameworks */,
				94FF22321910D3150056CF7B /* Foundation.framework in Frameworks */,
			);
			runOnlyForDeploymentPostprocessing = 0;
		};
/* End PBXFrameworksBuildPhase section */

/* Begin PBXGroup section */
		94FF22051910D3150056CF7B = {
			isa = PBXGroup;
			children = (
				94FF22171910D3150056CF7B /* TileGame */,
				94FF22361910D3150056CF7B /* TileGameTests */,
				94FF22101910D3150056CF7B /* Frameworks */,
				94FF220F1910D3150056CF7B /* Products */,
			);
			sourceTree = "<group>";
		};
		94FF220F1910D3150056CF7B /* Products */ = {
			isa = PBXGroup;
			children = (
				94FF220E1910D3150056CF7B /* TileGame.app */,
				94FF222F1910D3150056CF7B /* TileGameTests.xctest */,
			);
			name = Products;
			sourceTree = "<group>";
		};
		94FF22101910D3150056CF7B /* Frameworks */ = {
			isa = PBXGroup;
			children = (
				94FF22111910D3150056CF7B /* Foundation.framework */,
				94FF22131910D3150056CF7B /* CoreGraphics.framework */,
				94FF22151910D3150056CF7B /* UIKit.framework */,
				94FF22301910D3150056CF7B /* XCTest.framework */,
			);
			name = Frameworks;
			sourceTree = "<group>";
		};
		94FF22171910D3150056CF7B /* TileGame */ = {
			isa = PBXGroup;
			children = (
				94FF224C1910D4370056CF7B /* images */,
				94FF22201910D3150056CF7B /* TileGameAppDelegate.h */,
				94FF22211910D3150056CF7B /* TileGameAppDelegate.m */,
				94FF22751910D78A0056CF7B /* Main.storyboard */,
				94FF226D1910D46B0056CF7B /* TileGameViewController.h */,
				94FF226E1910D46B0056CF7B /* TileGameViewController.m */,
				94FF22701910D4760056CF7B /* PieceView.h */,
				94FF22711910D4760056CF7B /* PieceView.m */,
				94FF22291910D3150056CF7B /* Images.xcassets */,
				94FF22181910D3150056CF7B /* Supporting Files */,
			);
			path = TileGame;
			sourceTree = "<group>";
		};
		94FF22181910D3150056CF7B /* Supporting Files */ = {
			isa = PBXGroup;
			children = (
				94FF22191910D3150056CF7B /* TileGame-Info.plist */,
				94FF221A1910D3150056CF7B /* InfoPlist.strings */,
				94FF221D1910D3150056CF7B /* main.m */,
				94FF221F1910D3150056CF7B /* TileGame-Prefix.pch */,
			);
			name = "Supporting Files";
			sourceTree = "<group>";
		};
		94FF22361910D3150056CF7B /* TileGameTests */ = {
			isa = PBXGroup;
			children = (
				94FF223C1910D3150056CF7B /* TileGameTests.m */,
				94FF22371910D3150056CF7B /* Supporting Files */,
			);
			path = TileGameTests;
			sourceTree = "<group>";
		};
		94FF22371910D3150056CF7B /* Supporting Files */ = {
			isa = PBXGroup;
			children = (
				94FF22381910D3150056CF7B /* TileGameTests-Info.plist */,
				94FF22391910D3150056CF7B /* InfoPlist.strings */,
			);
			name = "Supporting Files";
			sourceTree = "<group>";
		};
		94FF224C1910D4370056CF7B /* images */ = {
			isa = PBXGroup;
			children = (
				94FF224D1910D4370056CF7B /* blank.jpg */,
				94FF224E1910D4370056CF7B /* eight.jpg */,
				94FF224F1910D4370056CF7B /* eleven.jpg */,
				94FF22501910D4370056CF7B /* fifteen.jpg */,
				94FF22511910D4370056CF7B /* five.jpg */,
				94FF22521910D4370056CF7B /* four.jpg */,
				94FF22531910D4370056CF7B /* fourteen.jpg */,
				94FF22541910D4370056CF7B /* nine.jpg */,
				94FF22551910D4370056CF7B /* one.jpg */,
				94FF22561910D4370056CF7B /* seven.jpg */,
				94FF22571910D4370056CF7B /* six.jpg */,
				94FF22581910D4370056CF7B /* ten.jpg */,
				94FF22591910D4370056CF7B /* thirteen.jpg */,
				94FF225A1910D4370056CF7B /* three.jpg */,
				94FF225B1910D4370056CF7B /* twelve.jpg */,
				94FF225C1910D4370056CF7B /* two.jpg */,
			);
			path = images;
			sourceTree = "<group>";
		};
/* End PBXGroup section */

/* Begin PBXNativeTarget section */
		94FF220D1910D3150056CF7B /* TileGame */ = {
			isa = PBXNativeTarget;
			buildConfigurationList = 94FF22401910D3150056CF7B /* Build configuration list for PBXNativeTarget "TileGame" */;
			buildPhases = (
				94FF220A1910D3150056CF7B /* Sources */,
				94FF220B1910D3150056CF7B /* Frameworks */,
				94FF220C1910D3150056CF7B /* Resources */,
			);
			buildRules = (
			);
			dependencies = (
			);
			name = TileGame;
			productName = TileGame;
			productReference = 94FF220E1910D3150056CF7B /* TileGame.app */;
			productType = "com.apple.product-type.application";
		};
		94FF222E1910D3150056CF7B /* TileGameTests */ = {
			isa = PBXNativeTarget;
			buildConfigurationList = 94FF22431910D3150056CF7B /* Build configuration list for PBXNativeTarget "TileGameTests" */;
			buildPhases = (
				94FF222B1910D3150056CF7B /* Sources */,
				94FF222C1910D3150056CF7B /* Frameworks */,
				94FF222D1910D3150056CF7B /* Resources */,
			);
			buildRules = (
			);
			dependencies = (
				94FF22351910D3150056CF7B /* PBXTargetDependency */,
			);
			name = TileGameTests;
			productName = TileGameTests;
			productReference = 94FF222F1910D3150056CF7B /* TileGameTests.xctest */;
			productType = "com.apple.product-type.bundle.unit-test";
		};
/* End PBXNativeTarget section */

/* Begin PBXProject section */
		94FF22061910D3150056CF7B /* Project object */ = {
			isa = PBXProject;
			attributes = {
				CLASSPREFIX = TileGame;
				LastUpgradeCheck = 0510;
				ORGANIZATIONNAME = Ryan;
				TargetAttributes = {
					94FF222E1910D3150056CF7B = {
						TestTargetID = 94FF220D1910D3150056CF7B;
					};
				};
			};
			buildConfigurationList = 94FF22091910D3150056CF7B /* Build configuration list for PBXProject "TileGame" */;
			compatibilityVersion = "Xcode 3.2";
			developmentRegion = English;
			hasScannedForEncodings = 0;
			knownRegions = (
				en,
				Base,
			);
			mainGroup = 94FF22051910D3150056CF7B;
			productRefGroup = 94FF220F1910D3150056CF7B /* Products */;
			projectDirPath = "";
			projectRoot = "";
			targets = (
				94FF220D1910D3150056CF7B /* TileGame */,
				94FF222E1910D3150056CF7B /* TileGameTests */,
			);
		};
/* End PBXProject section */

/* Begin PBXResourcesBuildPhase section */
		94FF220C1910D3150056CF7B /* Resources */ = {
			isa = PBXResourcesBuildPhase;
			buildActionMask = 2147483647;
			files = (
				94FF22681910D4370056CF7B /* ten.jpg in Resources */,
				94FF22661910D4370056CF7B /* seven.jpg in Resources */,
				94FF226A1910D4370056CF7B /* three.jpg in Resources */,
				94FF22651910D4370056CF7B /* one.jpg in Resources */,
				94FF22671910D4370056CF7B /* six.jpg in Resources */,
				94FF22641910D4370056CF7B /* nine.jpg in Resources */,
				94FF22761910D78A0056CF7B /* Main.storyboard in Resources */,
				94FF225F1910D4370056CF7B /* eleven.jpg in Resources */,
				94FF22611910D4370056CF7B /* five.jpg in Resources */,
				94FF22601910D4370056CF7B /* fifteen.jpg in Resources */,
				94FF225D1910D4370056CF7B /* blank.jpg in Resources */,
				94FF22621910D4370056CF7B /* four.jpg in Resources */,
				94FF222A1910D3150056CF7B /* Images.xcassets in Resources */,
				94FF225E1910D4370056CF7B /* eight.jpg in Resources */,
				94FF22631910D4370056CF7B /* fourteen.jpg in Resources */,
				94FF226C1910D4370056CF7B /* two.jpg in Resources */,
				94FF221C1910D3150056CF7B /* InfoPlist.strings in Resources */,
				94FF22691910D4370056CF7B /* thirteen.jpg in Resources */,
				94FF226B1910D4370056CF7B /* twelve.jpg in Resources */,
			);
			runOnlyForDeploymentPostprocessing = 0;
		};
		94FF222D1910D3150056CF7B /* Resources */ = {
			isa = PBXResourcesBuildPhase;
			buildActionMask = 2147483647;
			files = (
				94FF223B1910D3150056CF7B /* InfoPlist.strings in Resources */,
			);
			runOnlyForDeploymentPostprocessing = 0;
		};
/* End PBXResourcesBuildPhase section */

/* Begin PBXSourcesBuildPhase section */
		94FF220A1910D3150056CF7B /* Sources */ = {
			isa = PBXSourcesBuildPhase;
			buildActionMask = 2147483647;
			files = (
				94FF22221910D3150056CF7B /* TileGameAppDelegate.m in Sources */,
				94FF226F1910D46B0056CF7B /* TileGameViewController.m in Sources */,
				94FF221E1910D3150056CF7B /* main.m in Sources */,
				94FF22721910D4760056CF7B /* PieceView.m in Sources */,
			);
			runOnlyForDeploymentPostprocessing = 0;
		};
		94FF222B1910D3150056CF7B /* Sources */ = {
			isa = PBXSourcesBuildPhase;
			buildActionMask = 2147483647;
			files = (
				94FF223D1910D3150056CF7B /* TileGameTests.m in Sources */,
			);
			runOnlyForDeploymentPostprocessing = 0;
		};
/* End PBXSourcesBuildPhase section */

/* Begin PBXTargetDependency section */
		94FF22351910D3150056CF7B /* PBXTargetDependency */ = {
			isa = PBXTargetDependency;
			target = 94FF220D1910D3150056CF7B /* TileGame */;
			targetProxy = 94FF22341910D3150056CF7B /* PBXContainerItemProxy */;
		};
/* End PBXTargetDependency section */

/* Begin PBXVariantGroup section */
		94FF221A1910D3150056CF7B /* InfoPlist.strings */ = {
			isa = PBXVariantGroup;
			children = (
				94FF221B1910D3150056CF7B /* en */,
			);
			name = InfoPlist.strings;
			sourceTree = "<group>";
		};
		94FF22391910D3150056CF7B /* InfoPlist.strings */ = {
			isa = PBXVariantGroup;
			children = (
				94FF223A1910D3150056CF7B /* en */,
			);
			name = InfoPlist.strings;
			sourceTree = "<group>";
		};
/* End PBXVariantGroup section */

/* Begin XCBuildConfiguration section */
		94FF223E1910D3150056CF7B /* Debug */ = {
			isa = XCBuildConfiguration;
			buildSettings = {
				ALWAYS_SEARCH_USER_PATHS = NO;
				CLANG_CXX_LANGUAGE_STANDARD = "gnu++0x";
				CLANG_CXX_LIBRARY = "libc++";
				CLANG_ENABLE_MODULES = YES;
				CLANG_ENABLE_OBJC_ARC = YES;
				CLANG_WARN_BOOL_CONVERSION = YES;
				CLANG_WARN_CONSTANT_CONVERSION = YES;
				CLANG_WARN_DIRECT_OBJC_ISA_USAGE = YES_ERROR;
				CLANG_WARN_EMPTY_BODY = YES;
				CLANG_WARN_ENUM_CONVERSION = YES;
				CLANG_WARN_INT_CONVERSION = YES;
				CLANG_WARN_OBJC_ROOT_CLASS = YES_ERROR;
				CLANG_WARN__DUPLICATE_METHOD_MATCH = YES;
				"CODE_SIGN_IDENTITY[sdk=iphoneos*]" = "iPhone Developer";
				COPY_PHASE_STRIP = NO;
				GCC_C_LANGUAGE_STANDARD = gnu99;
				GCC_DYNAMIC_NO_PIC = NO;
				GCC_OPTIMIZATION_LEVEL = 0;
				GCC_PREPROCESSOR_DEFINITIONS = (
					"DEBUG=1",
					"$(inherited)",
				);
				GCC_SYMBOLS_PRIVATE_EXTERN = NO;
				GCC_WARN_64_TO_32_BIT_CONVERSION = YES;
				GCC_WARN_ABOUT_RETURN_TYPE = YES_ERROR;
				GCC_WARN_UNDECLARED_SELECTOR = YES;
				GCC_WARN_UNINITIALIZED_AUTOS = YES_AGGRESSIVE;
				GCC_WARN_UNUSED_FUNCTION = YES;
				GCC_WARN_UNUSED_VARIABLE = YES;
				IPHONEOS_DEPLOYMENT_TARGET = 7.1;
				ONLY_ACTIVE_ARCH = YES;
				SDKROOT = iphoneos;
			};
			name = Debug;
		};
		94FF223F1910D3150056CF7B /* Release */ = {
			isa = XCBuildConfiguration;
			buildSettings = {
				ALWAYS_SEARCH_USER_PATHS = NO;
				CLANG_CXX_LANGUAGE_STANDARD = "gnu++0x";
				CLANG_CXX_LIBRARY = "libc++";
				CLANG_ENABLE_MODULES = YES;
				CLANG_ENABLE_OBJC_ARC = YES;
				CLANG_WARN_BOOL_CONVERSION = YES;
				CLANG_WARN_CONSTANT_CONVERSION = YES;
				CLANG_WARN_DIRECT_OBJC_ISA_USAGE = YES_ERROR;
				CLANG_WARN_EMPTY_BODY = YES;
				CLANG_WARN_ENUM_CONVERSION = YES;
				CLANG_WARN_INT_CONVERSION = YES;
				CLANG_WARN_OBJC_ROOT_CLASS = YES_ERROR;
				CLANG_WARN__DUPLICATE_METHOD_MATCH = YES;
				"CODE_SIGN_IDENTITY[sdk=iphoneos*]" = "iPhone Developer";
				COPY_PHASE_STRIP = YES;
				ENABLE_NS_ASSERTIONS = NO;
				GCC_C_LANGUAGE_STANDARD = gnu99;
				GCC_WARN_64_TO_32_BIT_CONVERSION = YES;
				GCC_WARN_ABOUT_RETURN_TYPE = YES_ERROR;
				GCC_WARN_UNDECLARED_SELECTOR = YES;
				GCC_WARN_UNINITIALIZED_AUTOS = YES_AGGRESSIVE;
				GCC_WARN_UNUSED_FUNCTION = YES;
				GCC_WARN_UNUSED_VARIABLE = YES;
				IPHONEOS_DEPLOYMENT_TARGET = 7.1;
				SDKROOT = iphoneos;
				VALIDATE_PRODUCT = YES;
			};
			name = Release;
		};
		94FF22411910D3150056CF7B /* Debug */ = {
			isa = XCBuildConfiguration;
			buildSettings = {
				ASSETCATALOG_COMPILER_APPICON_NAME = AppIcon;
				ASSETCATALOG_COMPILER_LAUNCHIMAGE_NAME = LaunchImage;
				GCC_PRECOMPILE_PREFIX_HEADER = YES;
				GCC_PREFIX_HEADER = "TileGame/TileGame-Prefix.pch";
				INFOPLIST_FILE = "TileGame/TileGame-Info.plist";
				PRODUCT_NAME = "$(TARGET_NAME)";
				WRAPPER_EXTENSION = app;
			};
			name = Debug;
		};
		94FF22421910D3150056CF7B /* Release */ = {
			isa = XCBuildConfiguration;
			buildSettings = {
				ASSETCATALOG_COMPILER_APPICON_NAME = AppIcon;
				ASSETCATALOG_COMPILER_LAUNCHIMAGE_NAME = LaunchImage;
				GCC_PRECOMPILE_PREFIX_HEADER = YES;
				GCC_PREFIX_HEADER = "TileGame/TileGame-Prefix.pch";
				INFOPLIST_FILE = "TileGame/TileGame-Info.plist";
				PRODUCT_NAME = "$(TARGET_NAME)";
				WRAPPER_EXTENSION = app;
			};
			name = Release;
		};
		94FF22441910D3150056CF7B /* Debug */ = {
			isa = XCBuildConfiguration;
			buildSettings = {
				BUNDLE_LOADER = "$(BUILT_PRODUCTS_DIR)/TileGame.app/TileGame";
				FRAMEWORK_SEARCH_PATHS = (
					"$(SDKROOT)/Developer/Library/Frameworks",
					"$(inherited)",
					"$(DEVELOPER_FRAMEWORKS_DIR)",
				);
				GCC_PRECOMPILE_PREFIX_HEADER = YES;
				GCC_PREFIX_HEADER = "TileGame/TileGame-Prefix.pch";
				GCC_PREPROCESSOR_DEFINITIONS = (
					"DEBUG=1",
					"$(inherited)",
				);
				INFOPLIST_FILE = "TileGameTests/TileGameTests-Info.plist";
				PRODUCT_NAME = "$(TARGET_NAME)";
				TEST_HOST = "$(BUNDLE_LOADER)";
				WRAPPER_EXTENSION = xctest;
			};
			name = Debug;
		};
		94FF22451910D3150056CF7B /* Release */ = {
			isa = XCBuildConfiguration;
			buildSettings = {
				BUNDLE_LOADER = "$(BUILT_PRODUCTS_DIR)/TileGame.app/TileGame";
				FRAMEWORK_SEARCH_PATHS = (
					"$(SDKROOT)/Developer/Library/Frameworks",
					"$(inherited)",
					"$(DEVELOPER_FRAMEWORKS_DIR)",
				);
				GCC_PRECOMPILE_PREFIX_HEADER = YES;
				GCC_PREFIX_HEADER = "TileGame/TileGame-Prefix.pch";
				INFOPLIST_FILE = "TileGameTests/TileGameTests-Info.plist";
				PRODUCT_NAME = "$(TARGET_NAME)";
				TEST_HOST = "$(BUNDLE_LOADER)";
				WRAPPER_EXTENSION = xctest;
			};
			name = Release;
		};
/* End XCBuildConfiguration section */

/* Begin XCConfigurationList section */
		94FF22091910D3150056CF7B /* Build configuration list for PBXProject "TileGame" */ = {
			isa = XCConfigurationList;
			buildConfigurations = (
				94FF223E1910D3150056CF7B /* Debug */,
				94FF223F1910D3150056CF7B /* Release */,
			);
			defaultConfigurationIsVisible = 0;
			defaultConfigurationName = Release;
		};
		94FF22401910D3150056CF7B /* Build configuration list for PBXNativeTarget "TileGame" */ = {
			isa = XCConfigurationList;
			buildConfigurations = (
				94FF22411910D3150056CF7B /* Debug */,
				94FF22421910D3150056CF7B /* Release */,
			);
			defaultConfigurationIsVisible = 0;
			defaultConfigurationName = Release;
		};
		94FF22431910D3150056CF7B /* Build configuration list for PBXNativeTarget "TileGameTests" */ = {
			isa = XCConfigurationList;
			buildConfigurations = (
				94FF22441910D3150056CF7B /* Debug */,
				94FF22451910D3150056CF7B /* Release */,
			);
			defaultConfigurationIsVisible = 0;
			defaultConfigurationName = Release;
		};
/* End XCConfigurationList section */
	};
	rootObject = 94FF22061910D3150056CF7B /* Project object */;
}
